// !$*UTF8*$!
{
	archiveVersion = 1;
	classes = {
	};
	objectVersion = 55;
	objects = {

/* Begin PBXBuildFile section */
		550CBEEBAF87225C74C24E44 /* Pods_instagram.framework in Frameworks */ = {isa = PBXBuildFile; fileRef = 7D829F299B9F9862AB269AB6 /* Pods_instagram.framework */; };
		E49C0EE227BA368900DD5ECA /* AppDelegate.swift in Sources */ = {isa = PBXBuildFile; fileRef = E49C0EE127BA368900DD5ECA /* AppDelegate.swift */; };
		E49C0EE427BA368900DD5ECA /* SceneDelegate.swift in Sources */ = {isa = PBXBuildFile; fileRef = E49C0EE327BA368900DD5ECA /* SceneDelegate.swift */; };
		E49C0EE627BA368900DD5ECA /* ViewController.swift in Sources */ = {isa = PBXBuildFile; fileRef = E49C0EE527BA368900DD5ECA /* ViewController.swift */; };
		E49C0EE927BA368900DD5ECA /* Main.storyboard in Resources */ = {isa = PBXBuildFile; fileRef = E49C0EE727BA368900DD5ECA /* Main.storyboard */; };
		E49C0EEB27BA368B00DD5ECA /* Assets.xcassets in Resources */ = {isa = PBXBuildFile; fileRef = E49C0EEA27BA368B00DD5ECA /* Assets.xcassets */; };
		E49C0EEE27BA368B00DD5ECA /* LaunchScreen.storyboard in Resources */ = {isa = PBXBuildFile; fileRef = E49C0EEC27BA368B00DD5ECA /* LaunchScreen.storyboard */; };
		E49C0EF627BA37F100DD5ECA /* HistoryCell.swift in Sources */ = {isa = PBXBuildFile; fileRef = E49C0EF527BA37F100DD5ECA /* HistoryCell.swift */; };
		E49C0EF827BA401F00DD5ECA /* PublicCell.swift in Sources */ = {isa = PBXBuildFile; fileRef = E49C0EF727BA401F00DD5ECA /* PublicCell.swift */; };
		E49C0F2027BBD53E00DD5ECA /* InstagramModel.swift in Sources */ = {isa = PBXBuildFile; fileRef = E49C0F1F27BBD53E00DD5ECA /* InstagramModel.swift */; };
		E49C0F2227BBF05500DD5ECA /* HistoryCollectionView.swift in Sources */ = {isa = PBXBuildFile; fileRef = E49C0F2127BBF05500DD5ECA /* HistoryCollectionView.swift */; };
/* End PBXBuildFile section */

/* Begin PBXFileReference section */
		7D829F299B9F9862AB269AB6 /* Pods_instagram.framework */ = {isa = PBXFileReference; explicitFileType = wrapper.framework; includeInIndex = 0; path = Pods_instagram.framework; sourceTree = BUILT_PRODUCTS_DIR; };
		82DF991109D94F9482B6B398 /* Pods-instagram.debug.xcconfig */ = {isa = PBXFileReference; includeInIndex = 1; lastKnownFileType = text.xcconfig; name = "Pods-instagram.debug.xcconfig"; path = "Target Support Files/Pods-instagram/Pods-instagram.debug.xcconfig"; sourceTree = "<group>"; };
		A5FDB71A179901B317A19BA7 /* Pods-instagram.release.xcconfig */ = {isa = PBXFileReference; includeInIndex = 1; lastKnownFileType = text.xcconfig; name = "Pods-instagram.release.xcconfig"; path = "Target Support Files/Pods-instagram/Pods-instagram.release.xcconfig"; sourceTree = "<group>"; };
		E49C0EDE27BA368900DD5ECA /* instagram.app */ = {isa = PBXFileReference; explicitFileType = wrapper.application; includeInIndex = 0; path = instagram.app; sourceTree = BUILT_PRODUCTS_DIR; };
		E49C0EE127BA368900DD5ECA /* AppDelegate.swift */ = {isa = PBXFileReference; lastKnownFileType = sourcecode.swift; path = AppDelegate.swift; sourceTree = "<group>"; };
		E49C0EE327BA368900DD5ECA /* SceneDelegate.swift */ = {isa = PBXFileReference; lastKnownFileType = sourcecode.swift; path = SceneDelegate.swift; sourceTree = "<group>"; };
		E49C0EE527BA368900DD5ECA /* ViewController.swift */ = {isa = PBXFileReference; lastKnownFileType = sourcecode.swift; path = ViewController.swift; sourceTree = "<group>"; };
		E49C0EE827BA368900DD5ECA /* Base */ = {isa = PBXFileReference; lastKnownFileType = file.storyboard; name = Base; path = Base.lproj/Main.storyboard; sourceTree = "<group>"; };
		E49C0EEA27BA368B00DD5ECA /* Assets.xcassets */ = {isa = PBXFileReference; lastKnownFileType = folder.assetcatalog; path = Assets.xcassets; sourceTree = "<group>"; };
		E49C0EED27BA368B00DD5ECA /* Base */ = {isa = PBXFileReference; lastKnownFileType = file.storyboard; name = Base; path = Base.lproj/LaunchScreen.storyboard; sourceTree = "<group>"; };
		E49C0EEF27BA368B00DD5ECA /* Info.plist */ = {isa = PBXFileReference; lastKnownFileType = text.plist.xml; path = Info.plist; sourceTree = "<group>"; };
		E49C0EF527BA37F100DD5ECA /* HistoryCell.swift */ = {isa = PBXFileReference; lastKnownFileType = sourcecode.swift; path = HistoryCell.swift; sourceTree = "<group>"; };
		E49C0EF727BA401F00DD5ECA /* PublicCell.swift */ = {isa = PBXFileReference; lastKnownFileType = sourcecode.swift; path = PublicCell.swift; sourceTree = "<group>"; };
		E49C0F1F27BBD53E00DD5ECA /* InstagramModel.swift */ = {isa = PBXFileReference; lastKnownFileType = sourcecode.swift; path = InstagramModel.swift; sourceTree = "<group>"; };
		E49C0F2127BBF05500DD5ECA /* HistoryCollectionView.swift */ = {isa = PBXFileReference; lastKnownFileType = sourcecode.swift; path = HistoryCollectionView.swift; sourceTree = "<group>"; };
/* End PBXFileReference section */

/* Begin PBXFrameworksBuildPhase section */
		E49C0EDB27BA368900DD5ECA /* Frameworks */ = {
			isa = PBXFrameworksBuildPhase;
			buildActionMask = 2147483647;
			files = (
				550CBEEBAF87225C74C24E44 /* Pods_instagram.framework in Frameworks */,
			);
			runOnlyForDeploymentPostprocessing = 0;
		};
/* End PBXFrameworksBuildPhase section */

/* Begin PBXGroup section */
		279C337DCC6C048D3740878F /* Pods */ = {
			isa = PBXGroup;
			children = (
				82DF991109D94F9482B6B398 /* Pods-instagram.debug.xcconfig */,
				A5FDB71A179901B317A19BA7 /* Pods-instagram.release.xcconfig */,
			);
			path = Pods;
			sourceTree = "<group>";
		};
		7174C653356BF3BEE8D1233F /* Frameworks */ = {
			isa = PBXGroup;
			children = (
				7D829F299B9F9862AB269AB6 /* Pods_instagram.framework */,
			);
			name = Frameworks;
			sourceTree = "<group>";
		};
		E49C0ED527BA368900DD5ECA = {
			isa = PBXGroup;
			children = (
				E49C0EE027BA368900DD5ECA /* instagram */,
				E49C0EDF27BA368900DD5ECA /* Products */,
				279C337DCC6C048D3740878F /* Pods */,
				7174C653356BF3BEE8D1233F /* Frameworks */,
			);
			sourceTree = "<group>";
		};
		E49C0EDF27BA368900DD5ECA /* Products */ = {
			isa = PBXGroup;
			children = (
				E49C0EDE27BA368900DD5ECA /* instagram.app */,
			);
			name = Products;
			sourceTree = "<group>";
		};
		E49C0EE027BA368900DD5ECA /* instagram */ = {
			isa = PBXGroup;
			children = (
				E49C0EE127BA368900DD5ECA /* AppDelegate.swift */,
				E49C0EE327BA368900DD5ECA /* SceneDelegate.swift */,
				E49C0EE527BA368900DD5ECA /* ViewController.swift */,
				E49C0EE727BA368900DD5ECA /* Main.storyboard */,
				E49C0EEA27BA368B00DD5ECA /* Assets.xcassets */,
				E49C0EEC27BA368B00DD5ECA /* LaunchScreen.storyboard */,
				E49C0EEF27BA368B00DD5ECA /* Info.plist */,
				E49C0EF527BA37F100DD5ECA /* HistoryCell.swift */,
				E49C0EF727BA401F00DD5ECA /* PublicCell.swift */,
				E49C0F1F27BBD53E00DD5ECA /* InstagramModel.swift */,
				E49C0F2127BBF05500DD5ECA /* HistoryCollectionView.swift */,
			);
			path = instagram;
			sourceTree = "<group>";
		};
/* End PBXGroup section */

/* Begin PBXNativeTarget section */
		E49C0EDD27BA368900DD5ECA /* instagram */ = {
			isa = PBXNativeTarget;
			buildConfigurationList = E49C0EF227BA368B00DD5ECA /* Build configuration list for PBXNativeTarget "instagram" */;
			buildPhases = (
				726EC63ED4BC8FD3AEB49CB2 /* [CP] Check Pods Manifest.lock */,
				E49C0EDA27BA368900DD5ECA /* Sources */,
				E49C0EDB27BA368900DD5ECA /* Frameworks */,
				E49C0EDC27BA368900DD5ECA /* Resources */,
				8186B1FD61699B174CC2ADF2 /* [CP] Embed Pods Frameworks */,
			);
			buildRules = (
			);
			dependencies = (
			);
			name = instagram;
			productName = instagram;
			productReference = E49C0EDE27BA368900DD5ECA /* instagram.app */;
			productType = "com.apple.product-type.application";
		};
/* End PBXNativeTarget section */

/* Begin PBXProject section */
		E49C0ED627BA368900DD5ECA /* Project object */ = {
			isa = PBXProject;
			attributes = {
				BuildIndependentTargetsInParallel = 1;
				LastSwiftUpdateCheck = 1320;
				LastUpgradeCheck = 1320;
				TargetAttributes = {
					E49C0EDD27BA368900DD5ECA = {
						CreatedOnToolsVersion = 13.2.1;
					};
				};
			};
			buildConfigurationList = E49C0ED927BA368900DD5ECA /* Build configuration list for PBXProject "instagram" */;
			compatibilityVersion = "Xcode 13.0";
			developmentRegion = en;
			hasScannedForEncodings = 0;
			knownRegions = (
				en,
				Base,
			);
			mainGroup = E49C0ED527BA368900DD5ECA;
			productRefGroup = E49C0EDF27BA368900DD5ECA /* Products */;
			projectDirPath = "";
			projectRoot = "";
			targets = (
				E49C0EDD27BA368900DD5ECA /* instagram */,
			);
		};
/* End PBXProject section */

/* Begin PBXResourcesBuildPhase section */
		E49C0EDC27BA368900DD5ECA /* Resources */ = {
			isa = PBXResourcesBuildPhase;
			buildActionMask = 2147483647;
			files = (
				E49C0EEE27BA368B00DD5ECA /* LaunchScreen.storyboard in Resources */,
				E49C0EEB27BA368B00DD5ECA /* Assets.xcassets in Resources */,
				E49C0EE927BA368900DD5ECA /* Main.storyboard in Resources */,
			);
			runOnlyForDeploymentPostprocessing = 0;
		};
/* End PBXResourcesBuildPhase section */

/* Begin PBXShellScriptBuildPhase section */
		726EC63ED4BC8FD3AEB49CB2 /* [CP] Check Pods Manifest.lock */ = {
			isa = PBXShellScriptBuildPhase;
			buildActionMask = 2147483647;
			files = (
			);
			inputFileListPaths = (
			);
			inputPaths = (
				"${PODS_PODFILE_DIR_PATH}/Podfile.lock",
				"${PODS_ROOT}/Manifest.lock",
			);
			name = "[CP] Check Pods Manifest.lock";
			outputFileListPaths = (
			);
			outputPaths = (
				"$(DERIVED_FILE_DIR)/Pods-instagram-checkManifestLockResult.txt",
			);
			runOnlyForDeploymentPostprocessing = 0;
			shellPath = /bin/sh;
			shellScript = "diff \"${PODS_PODFILE_DIR_PATH}/Podfile.lock\" \"${PODS_ROOT}/Manifest.lock\" > /dev/null\nif [ $? != 0 ] ; then\n    # print error to STDERR\n    echo \"error: The sandbox is not in sync with the Podfile.lock. Run 'pod install' or update your CocoaPods installation.\" >&2\n    exit 1\nfi\n# This output is used by Xcode 'outputs' to avoid re-running this script phase.\necho \"SUCCESS\" > \"${SCRIPT_OUTPUT_FILE_0}\"\n";
			showEnvVarsInLog = 0;
		};
		8186B1FD61699B174CC2ADF2 /* [CP] Embed Pods Frameworks */ = {
			isa = PBXShellScriptBuildPhase;
			buildActionMask = 2147483647;
			files = (
			);
			inputFileListPaths = (
				"${PODS_ROOT}/Target Support Files/Pods-instagram/Pods-instagram-frameworks-${CONFIGURATION}-input-files.xcfilelist",
			);
			name = "[CP] Embed Pods Frameworks";
			outputFileListPaths = (
				"${PODS_ROOT}/Target Support Files/Pods-instagram/Pods-instagram-frameworks-${CONFIGURATION}-output-files.xcfilelist",
			);
			runOnlyForDeploymentPostprocessing = 0;
			shellPath = /bin/sh;
			shellScript = "\"${PODS_ROOT}/Target Support Files/Pods-instagram/Pods-instagram-frameworks.sh\"\n";
			showEnvVarsInLog = 0;
		};
/* End PBXShellScriptBuildPhase section */

/* Begin PBXSourcesBuildPhase section */
		E49C0EDA27BA368900DD5ECA /* Sources */ = {
			isa = PBXSourcesBuildPhase;
			buildActionMask = 2147483647;
			files = (
				E49C0EE627BA368900DD5ECA /* ViewController.swift in Sources */,
				E49C0EE227BA368900DD5ECA /* AppDelegate.swift in Sources */,
				E49C0EF627BA37F100DD5ECA /* HistoryCell.swift in Sources */,
				E49C0EE427BA368900DD5ECA /* SceneDelegate.swift in Sources */,
				E49C0F2227BBF05500DD5ECA /* HistoryCollectionView.swift in Sources */,
				E49C0F2027BBD53E00DD5ECA /* InstagramModel.swift in Sources */,
				E49C0EF827BA401F00DD5ECA /* PublicCell.swift in Sources */,
			);
			runOnlyForDeploymentPostprocessing = 0;
		};
/* End PBXSourcesBuildPhase section */

/* Begin PBXVariantGroup section */
		E49C0EE727BA368900DD5ECA /* Main.storyboard */ = {
			isa = PBXVariantGroup;
			children = (
				E49C0EE827BA368900DD5ECA /* Base */,
			);
			name = Main.storyboard;
			sourceTree = "<group>";
		};
		E49C0EEC27BA368B00DD5ECA /* LaunchScreen.storyboard */ = {
			isa = PBXVariantGroup;
			children = (
				E49C0EED27BA368B00DD5ECA /* Base */,
			);
			name = LaunchScreen.storyboard;
			sourceTree = "<group>";
		};
/* End PBXVariantGroup section */

/* Begin XCBuildConfiguration section */
		E49C0EF027BA368B00DD5ECA /* Debug */ = {
			isa = XCBuildConfiguration;
			buildSettings = {
				ALWAYS_SEARCH_USER_PATHS = NO;
				CLANG_ANALYZER_NONNULL = YES;
				CLANG_ANALYZER_NUMBER_OBJECT_CONVERSION = YES_AGGRESSIVE;
				CLANG_CXX_LANGUAGE_STANDARD = "gnu++17";
				CLANG_CXX_LIBRARY = "libc++";
				CLANG_ENABLE_MODULES = YES;
				CLANG_ENABLE_OBJC_ARC = YES;
				CLANG_ENABLE_OBJC_WEAK = YES;
				CLANG_WARN_BLOCK_CAPTURE_AUTORELEASING = YES;
				CLANG_WARN_BOOL_CONVERSION = YES;
				CLANG_WARN_COMMA = YES;
				CLANG_WARN_CONSTANT_CONVERSION = YES;
				CLANG_WARN_DEPRECATED_OBJC_IMPLEMENTATIONS = YES;
				CLANG_WARN_DIRECT_OBJC_ISA_USAGE = YES_ERROR;
				CLANG_WARN_DOCUMENTATION_COMMENTS = YES;
				CLANG_WARN_EMPTY_BODY = YES;
				CLANG_WARN_ENUM_CONVERSION = YES;
				CLANG_WARN_INFINITE_RECURSION = YES;
				CLANG_WARN_INT_CONVERSION = YES;
				CLANG_WARN_NON_LITERAL_NULL_CONVERSION = YES;
				CLANG_WARN_OBJC_IMPLICIT_RETAIN_SELF = YES;
				CLANG_WARN_OBJC_LITERAL_CONVERSION = YES;
				CLANG_WARN_OBJC_ROOT_CLASS = YES_ERROR;
				CLANG_WARN_QUOTED_INCLUDE_IN_FRAMEWORK_HEADER = YES;
				CLANG_WARN_RANGE_LOOP_ANALYSIS = YES;
				CLANG_WARN_STRICT_PROTOTYPES = YES;
				CLANG_WARN_SUSPICIOUS_MOVE = YES;
				CLANG_WARN_UNGUARDED_AVAILABILITY = YES_AGGRESSIVE;
				CLANG_WARN_UNREACHABLE_CODE = YES;
				CLANG_WARN__DUPLICATE_METHOD_MATCH = YES;
				COPY_PHASE_STRIP = NO;
				DEBUG_INFORMATION_FORMAT = dwarf;
				ENABLE_STRICT_OBJC_MSGSEND = YES;
				ENABLE_TESTABILITY = YES;
				GCC_C_LANGUAGE_STANDARD = gnu11;
				GCC_DYNAMIC_NO_PIC = NO;
				GCC_NO_COMMON_BLOCKS = YES;
				GCC_OPTIMIZATION_LEVEL = 0;
				GCC_PREPROCESSOR_DEFINITIONS = (
					"DEBUG=1",
					"$(inherited)",
				);
				GCC_WARN_64_TO_32_BIT_CONVERSION = YES;
				GCC_WARN_ABOUT_RETURN_TYPE = YES_ERROR;
				GCC_WARN_UNDECLARED_SELECTOR = YES;
				GCC_WARN_UNINITIALIZED_AUTOS = YES_AGGRESSIVE;
				GCC_WARN_UNUSED_FUNCTION = YES;
				GCC_WARN_UNUSED_VARIABLE = YES;
				IPHONEOS_DEPLOYMENT_TARGET = 15.2;
				MTL_ENABLE_DEBUG_INFO = INCLUDE_SOURCE;
				MTL_FAST_MATH = YES;
				ONLY_ACTIVE_ARCH = YES;
				SDKROOT = iphoneos;
				SWIFT_ACTIVE_COMPILATION_CONDITIONS = DEBUG;
				SWIFT_OPTIMIZATION_LEVEL = "-Onone";
			};
			name = Debug;
		};
		E49C0EF127BA368B00DD5ECA /* Release */ = {
			isa = XCBuildConfiguration;
			buildSettings = {
				ALWAYS_SEARCH_USER_PATHS = NO;
				CLANG_ANALYZER_NONNULL = YES;
				CLANG_ANALYZER_NUMBER_OBJECT_CONVERSION = YES_AGGRESSIVE;
				CLANG_CXX_LANGUAGE_STANDARD = "gnu++17";
				CLANG_CXX_LIBRARY = "libc++";
				CLANG_ENABLE_MODULES = YES;
				CLANG_ENABLE_OBJC_ARC = YES;
				CLANG_ENABLE_OBJC_WEAK = YES;
				CLANG_WARN_BLOCK_CAPTURE_AUTORELEASING = YES;
				CLANG_WARN_BOOL_CONVERSION = YES;
				CLANG_WARN_COMMA = YES;
				CLANG_WARN_CONSTANT_CONVERSION = YES;
				CLANG_WARN_DEPRECATED_OBJC_IMPLEMENTATIONS = YES;
				CLANG_WARN_DIRECT_OBJC_ISA_USAGE = YES_ERROR;
				CLANG_WARN_DOCUMENTATION_COMMENTS = YES;
				CLANG_WARN_EMPTY_BODY = YES;
				CLANG_WARN_ENUM_CONVERSION = YES;
				CLANG_WARN_INFINITE_RECURSION = YES;
				CLANG_WARN_INT_CONVERSION = YES;
				CLANG_WARN_NON_LITERAL_NULL_CONVERSION = YES;
				CLANG_WARN_OBJC_IMPLICIT_RETAIN_SELF = YES;
				CLANG_WARN_OBJC_LITERAL_CONVERSION = YES;
				CLANG_WARN_OBJC_ROOT_CLASS = YES_ERROR;
				CLANG_WARN_QUOTED_INCLUDE_IN_FRAMEWORK_HEADER = YES;
				CLANG_WARN_RANGE_LOOP_ANALYSIS = YES;
				CLANG_WARN_STRICT_PROTOTYPES = YES;
				CLANG_WARN_SUSPICIOUS_MOVE = YES;
				CLANG_WARN_UNGUARDED_AVAILABILITY = YES_AGGRESSIVE;
				CLANG_WARN_UNREACHABLE_CODE = YES;
				CLANG_WARN__DUPLICATE_METHOD_MATCH = YES;
				COPY_PHASE_STRIP = NO;
				DEBUG_INFORMATION_FORMAT = "dwarf-with-dsym";
				ENABLE_NS_ASSERTIONS = NO;
				ENABLE_STRICT_OBJC_MSGSEND = YES;
				GCC_C_LANGUAGE_STANDARD = gnu11;
				GCC_NO_COMMON_BLOCKS = YES;
				GCC_WARN_64_TO_32_BIT_CONVERSION = YES;
				GCC_WARN_ABOUT_RETURN_TYPE = YES_ERROR;
				GCC_WARN_UNDECLARED_SELECTOR = YES;
				GCC_WARN_UNINITIALIZED_AUTOS = YES_AGGRESSIVE;
				GCC_WARN_UNUSED_FUNCTION = YES;
				GCC_WARN_UNUSED_VARIABLE = YES;
				IPHONEOS_DEPLOYMENT_TARGET = 15.2;
				MTL_ENABLE_DEBUG_INFO = NO;
				MTL_FAST_MATH = YES;
				SDKROOT = iphoneos;
				SWIFT_COMPILATION_MODE = wholemodule;
				SWIFT_OPTIMIZATION_LEVEL = "-O";
				VALIDATE_PRODUCT = YES;
			};
			name = Release;
		};
		E49C0EF327BA368B00DD5ECA /* Debug */ = {
			isa = XCBuildConfiguration;
			baseConfigurationReference = 82DF991109D94F9482B6B398 /* Pods-instagram.debug.xcconfig */;
			buildSettings = {
				ASSETCATALOG_COMPILER_APPICON_NAME = AppIcon;
				ASSETCATALOG_COMPILER_GLOBAL_ACCENT_COLOR_NAME = AccentColor;
				CODE_SIGN_STYLE = Automatic;
				CURRENT_PROJECT_VERSION = 1;
				DEVELOPMENT_TEAM = DX2TVC7ZR3;
				GENERATE_INFOPLIST_FILE = YES;
				INFOPLIST_FILE = instagram/Info.plist;
				INFOPLIST_KEY_UIApplicationSupportsIndirectInputEvents = YES;
				INFOPLIST_KEY_UILaunchStoryboardName = LaunchScreen;
				INFOPLIST_KEY_UIMainStoryboardFile = Main;
				INFOPLIST_KEY_UISupportedInterfaceOrientations_iPad = "UIInterfaceOrientationPortrait UIInterfaceOrientationPortraitUpsideDown UIInterfaceOrientationLandscapeLeft UIInterfaceOrientationLandscapeRight";
				INFOPLIST_KEY_UISupportedInterfaceOrientations_iPhone = "UIInterfaceOrientationPortrait UIInterfaceOrientationLandscapeLeft UIInterfaceOrientationLandscapeRight";
				LD_RUNPATH_SEARCH_PATHS = (
					"$(inherited)",
					"@executable_path/Frameworks",
				);
				MARKETING_VERSION = 1.0;
				PRODUCT_BUNDLE_IDENTIFIER = kg.kiku.instagram;
				PRODUCT_NAME = "$(TARGET_NAME)";
				SWIFT_EMIT_LOC_STRINGS = YES;
				SWIFT_VERSION = 5.0;
				TARGETED_DEVICE_FAMILY = "1,2";
			};
			name = Debug;
		};
		E49C0EF427BA368B00DD5ECA /* Release */ = {
			isa = XCBuildConfiguration;
			baseConfigurationReference = A5FDB71A179901B317A19BA7 /* Pods-instagram.release.xcconfig */;
			buildSettings = {
				ASSETCATALOG_COMPILER_APPICON_NAME = AppIcon;
				ASSETCATALOG_COMPILER_GLOBAL_ACCENT_COLOR_NAME = AccentColor;
				CODE_SIGN_STYLE = Automatic;
				CURRENT_PROJECT_VERSION = 1;
				DEVELOPMENT_TEAM = DX2TVC7ZR3;
				GENERATE_INFOPLIST_FILE = YES;
				INFOPLIST_FILE = instagram/Info.plist;
				INFOPLIST_KEY_UIApplicationSupportsIndirectInputEvents = YES;
				INFOPLIST_KEY_UILaunchStoryboardName = LaunchScreen;
				INFOPLIST_KEY_UIMainStoryboardFile = Main;
				INFOPLIST_KEY_UISupportedInterfaceOrientations_iPad = "UIInterfaceOrientationPortrait UIInterfaceOrientationPortraitUpsideDown UIInterfaceOrientationLandscapeLeft UIInterfaceOrientationLandscapeRight";
				INFOPLIST_KEY_UISupportedInterfaceOrientations_iPhone = "UIInterfaceOrientationPortrait UIInterfaceOrientationLandscapeLeft UIInterfaceOrientationLandscapeRight";
				LD_RUNPATH_SEARCH_PATHS = (
					"$(inherited)",
					"@executable_path/Frameworks",
				);
				MARKETING_VERSION = 1.0;
				PRODUCT_BUNDLE_IDENTIFIER = kg.kiku.instagram;
				PRODUCT_NAME = "$(TARGET_NAME)";
				SWIFT_EMIT_LOC_STRINGS = YES;
				SWIFT_VERSION = 5.0;
				TARGETED_DEVICE_FAMILY = "1,2";
			};
			name = Release;
		};
/* End XCBuildConfiguration section */

/* Begin XCConfigurationList section */
		E49C0ED927BA368900DD5ECA /* Build configuration list for PBXProject "instagram" */ = {
			isa = XCConfigurationList;
			buildConfigurations = (
				E49C0EF027BA368B00DD5ECA /* Debug */,
				E49C0EF127BA368B00DD5ECA /* Release */,
			);
			defaultConfigurationIsVisible = 0;
			defaultConfigurationName = Release;
		};
		E49C0EF227BA368B00DD5ECA /* Build configuration list for PBXNativeTarget "instagram" */ = {
			isa = XCConfigurationList;
			buildConfigurations = (
				E49C0EF327BA368B00DD5ECA /* Debug */,
				E49C0EF427BA368B00DD5ECA /* Release */,
			);
			defaultConfigurationIsVisible = 0;
			defaultConfigurationName = Release;
		};
/* End XCConfigurationList section */
	};
	rootObject = E49C0ED627BA368900DD5ECA /* Project object */;
}
